// !$*UTF8*$!
{
	archiveVersion = 1;
	classes = {
	};
	objectVersion = 55;
	objects = {

/* Begin PBXBuildFile section */
		9EB65CF5C49DBD0BA2D2191F /* Pods_JHToastTips.framework in Frameworks */ = {isa = PBXBuildFile; fileRef = 3CB152D6EFC2ECB8764371BC /* Pods_JHToastTips.framework */; };
		F24E86EB28B8701600D2F39D /* JHToast.swift in Sources */ = {isa = PBXBuildFile; fileRef = F24E86E428B8701600D2F39D /* JHToast.swift */; };
		F24E86EC28B8701600D2F39D /* JHToast_MainView_Method.swift in Sources */ = {isa = PBXBuildFile; fileRef = F24E86E628B8701600D2F39D /* JHToast_MainView_Method.swift */; };
		F24E86ED28B8701600D2F39D /* JHToast_MainView.swift in Sources */ = {isa = PBXBuildFile; fileRef = F24E86E728B8701600D2F39D /* JHToast_MainView.swift */; };
		F24E86EE28B8701600D2F39D /* JHToast_ThemeStyle.swift in Sources */ = {isa = PBXBuildFile; fileRef = F24E86E828B8701600D2F39D /* JHToast_ThemeStyle.swift */; };
		F24E86EF28B8701600D2F39D /* JHToast_Header.swift in Sources */ = {isa = PBXBuildFile; fileRef = F24E86EA28B8701600D2F39D /* JHToast_Header.swift */; };
		F2DEA09228BDB20000C5CCE2 /* SnapKit in Frameworks */ = {isa = PBXBuildFile; productRef = F2DEA09128BDB20000C5CCE2 /* SnapKit */; };
/* End PBXBuildFile section */

/* Begin PBXFileReference section */
		3CB152D6EFC2ECB8764371BC /* Pods_JHToastTips.framework */ = {isa = PBXFileReference; explicitFileType = wrapper.framework; includeInIndex = 0; path = Pods_JHToastTips.framework; sourceTree = BUILT_PRODUCTS_DIR; };
		830D196D3247A0AAFE4ECC9B /* Pods-JHToastTips.debug.xcconfig */ = {isa = PBXFileReference; includeInIndex = 1; lastKnownFileType = text.xcconfig; name = "Pods-JHToastTips.debug.xcconfig"; path = "Target Support Files/Pods-JHToastTips/Pods-JHToastTips.debug.xcconfig"; sourceTree = "<group>"; };
		C44AFEC31ADED41FF3BF223D /* Pods-JHToastTips.release.xcconfig */ = {isa = PBXFileReference; includeInIndex = 1; lastKnownFileType = text.xcconfig; name = "Pods-JHToastTips.release.xcconfig"; path = "Target Support Files/Pods-JHToastTips/Pods-JHToastTips.release.xcconfig"; sourceTree = "<group>"; };
		F24E86E428B8701600D2F39D /* JHToast.swift */ = {isa = PBXFileReference; fileEncoding = 4; lastKnownFileType = sourcecode.swift; path = JHToast.swift; sourceTree = "<group>"; };
		F24E86E628B8701600D2F39D /* JHToast_MainView_Method.swift */ = {isa = PBXFileReference; fileEncoding = 4; lastKnownFileType = sourcecode.swift; path = JHToast_MainView_Method.swift; sourceTree = "<group>"; };
		F24E86E728B8701600D2F39D /* JHToast_MainView.swift */ = {isa = PBXFileReference; fileEncoding = 4; lastKnownFileType = sourcecode.swift; path = JHToast_MainView.swift; sourceTree = "<group>"; };
		F24E86E828B8701600D2F39D /* JHToast_ThemeStyle.swift */ = {isa = PBXFileReference; fileEncoding = 4; lastKnownFileType = sourcecode.swift; path = JHToast_ThemeStyle.swift; sourceTree = "<group>"; };
		F24E86EA28B8701600D2F39D /* JHToast_Header.swift */ = {isa = PBXFileReference; fileEncoding = 4; lastKnownFileType = sourcecode.swift; path = JHToast_Header.swift; sourceTree = "<group>"; };
		F2AB474828B38838007ACD03 /* JHToastTips.framework */ = {isa = PBXFileReference; explicitFileType = wrapper.framework; includeInIndex = 0; path = JHToastTips.framework; sourceTree = BUILT_PRODUCTS_DIR; };
/* End PBXFileReference section */

/* Begin PBXFrameworksBuildPhase section */
		F2AB474528B38838007ACD03 /* Frameworks */ = {
			isa = PBXFrameworksBuildPhase;
			buildActionMask = 2147483647;
			files = (
				9EB65CF5C49DBD0BA2D2191F /* Pods_JHToastTips.framework in Frameworks */,
				F2DEA09228BDB20000C5CCE2 /* SnapKit in Frameworks */,
			);
			runOnlyForDeploymentPostprocessing = 0;
		};
/* End PBXFrameworksBuildPhase section */

/* Begin PBXGroup section */
		016EDF087A551146FD5BF74D /* Pods */ = {
			isa = PBXGroup;
			children = (
				830D196D3247A0AAFE4ECC9B /* Pods-JHToastTips.debug.xcconfig */,
				C44AFEC31ADED41FF3BF223D /* Pods-JHToastTips.release.xcconfig */,
			);
			path = Pods;
			sourceTree = "<group>";
		};
		B8747A6F40E110B38AEC1924 /* Frameworks */ = {
			isa = PBXGroup;
			children = (
				3CB152D6EFC2ECB8764371BC /* Pods_JHToastTips.framework */,
			);
			name = Frameworks;
			sourceTree = "<group>";
		};
		F24E86E328B8701600D2F39D /* JHToastTips */ = {
			isa = PBXGroup;
			children = (
				F24E86E428B8701600D2F39D /* JHToast.swift */,
				F24E86E828B8701600D2F39D /* JHToast_ThemeStyle.swift */,
				F24E86E528B8701600D2F39D /* View */,
				F24E86E928B8701600D2F39D /* Header */,
			);
			name = JHToastTips;
			path = Sources/JHToastTips;
			sourceTree = "<group>";
		};
		F24E86E528B8701600D2F39D /* View */ = {
			isa = PBXGroup;
			children = (
				F24E86E628B8701600D2F39D /* JHToast_MainView_Method.swift */,
				F24E86E728B8701600D2F39D /* JHToast_MainView.swift */,
			);
			path = View;
			sourceTree = "<group>";
		};
		F24E86E928B8701600D2F39D /* Header */ = {
			isa = PBXGroup;
			children = (
				F24E86EA28B8701600D2F39D /* JHToast_Header.swift */,
			);
			path = Header;
			sourceTree = "<group>";
		};
		F2AB473E28B38838007ACD03 = {
			isa = PBXGroup;
			children = (
				F24E86E328B8701600D2F39D /* JHToastTips */,
				F2AB474928B38838007ACD03 /* Products */,
				016EDF087A551146FD5BF74D /* Pods */,
				B8747A6F40E110B38AEC1924 /* Frameworks */,
			);
			sourceTree = "<group>";
		};
		F2AB474928B38838007ACD03 /* Products */ = {
			isa = PBXGroup;
			children = (
				F2AB474828B38838007ACD03 /* JHToastTips.framework */,
			);
			name = Products;
			sourceTree = "<group>";
		};
/* End PBXGroup section */

/* Begin PBXHeadersBuildPhase section */
		F2AB474328B38838007ACD03 /* Headers */ = {
			isa = PBXHeadersBuildPhase;
			buildActionMask = 2147483647;
			files = (
			);
			runOnlyForDeploymentPostprocessing = 0;
		};
/* End PBXHeadersBuildPhase section */

/* Begin PBXNativeTarget section */
		F2AB474728B38838007ACD03 /* JHToastTips */ = {
			isa = PBXNativeTarget;
			buildConfigurationList = F2AB474F28B38838007ACD03 /* Build configuration list for PBXNativeTarget "JHToastTips" */;
			buildPhases = (
				D1868A2B96A8BDF3BCDDABDF /* [CP] Check Pods Manifest.lock */,
				F2AB474328B38838007ACD03 /* Headers */,
				F2AB474428B38838007ACD03 /* Sources */,
				F2AB474528B38838007ACD03 /* Frameworks */,
				F2AB474628B38838007ACD03 /* Resources */,
			);
			buildRules = (
			);
			dependencies = (
			);
			name = JHToastTips;
			packageProductDependencies = (
				F2DEA09128BDB20000C5CCE2 /* SnapKit */,
			);
			productName = JHToastTips;
			productReference = F2AB474828B38838007ACD03 /* JHToastTips.framework */;
			productType = "com.apple.product-type.framework";
		};
/* End PBXNativeTarget section */

/* Begin PBXProject section */
		F2AB473F28B38838007ACD03 /* Project object */ = {
			isa = PBXProject;
			attributes = {
				BuildIndependentTargetsInParallel = 1;
				LastUpgradeCheck = 1340;
				TargetAttributes = {
					F2AB474728B38838007ACD03 = {
						CreatedOnToolsVersion = 13.4.1;
					};
				};
			};
			buildConfigurationList = F2AB474228B38838007ACD03 /* Build configuration list for PBXProject "JHToastTips" */;
			compatibilityVersion = "Xcode 13.0";
			developmentRegion = en;
			hasScannedForEncodings = 0;
			knownRegions = (
				en,
				Base,
			);
			mainGroup = F2AB473E28B38838007ACD03;
			packageReferences = (
				F2DEA09028BDB20000C5CCE2 /* XCRemoteSwiftPackageReference "SnapKit" */,
			);
			productRefGroup = F2AB474928B38838007ACD03 /* Products */;
			projectDirPath = "";
			projectRoot = "";
			targets = (
				F2AB474728B38838007ACD03 /* JHToastTips */,
			);
		};
/* End PBXProject section */

/* Begin PBXResourcesBuildPhase section */
		F2AB474628B38838007ACD03 /* Resources */ = {
			isa = PBXResourcesBuildPhase;
			buildActionMask = 2147483647;
			files = (
			);
			runOnlyForDeploymentPostprocessing = 0;
		};
/* End PBXResourcesBuildPhase section */

/* Begin PBXShellScriptBuildPhase section */
		D1868A2B96A8BDF3BCDDABDF /* [CP] Check Pods Manifest.lock */ = {
			isa = PBXShellScriptBuildPhase;
			buildActionMask = 2147483647;
			files = (
			);
			inputFileListPaths = (
			);
			inputPaths = (
				"${PODS_PODFILE_DIR_PATH}/Podfile.lock",
				"${PODS_ROOT}/Manifest.lock",
			);
			name = "[CP] Check Pods Manifest.lock";
			outputFileListPaths = (
			);
			outputPaths = (
				"$(DERIVED_FILE_DIR)/Pods-JHToastTips-checkManifestLockResult.txt",
			);
			runOnlyForDeploymentPostprocessing = 0;
			shellPath = /bin/sh;
			shellScript = "diff \"${PODS_PODFILE_DIR_PATH}/Podfile.lock\" \"${PODS_ROOT}/Manifest.lock\" > /dev/null\nif [ $? != 0 ] ; then\n    # print error to STDERR\n    echo \"error: The sandbox is not in sync with the Podfile.lock. Run 'pod install' or update your CocoaPods installation.\" >&2\n    exit 1\nfi\n# This output is used by Xcode 'outputs' to avoid re-running this script phase.\necho \"SUCCESS\" > \"${SCRIPT_OUTPUT_FILE_0}\"\n";
			showEnvVarsInLog = 0;
		};
/* End PBXShellScriptBuildPhase section */

/* Begin PBXSourcesBuildPhase section */
		F2AB474428B38838007ACD03 /* Sources */ = {
			isa = PBXSourcesBuildPhase;
			buildActionMask = 2147483647;
			files = (
				F24E86ED28B8701600D2F39D /* JHToast_MainView.swift in Sources */,
				F24E86EC28B8701600D2F39D /* JHToast_MainView_Method.swift in Sources */,
				F24E86EB28B8701600D2F39D /* JHToast.swift in Sources */,
				F24E86EF28B8701600D2F39D /* JHToast_Header.swift in Sources */,
				F24E86EE28B8701600D2F39D /* JHToast_ThemeStyle.swift in Sources */,
			);
			runOnlyForDeploymentPostprocessing = 0;
		};
/* End PBXSourcesBuildPhase section */

/* Begin XCBuildConfiguration section */
		F2AB474D28B38838007ACD03 /* Debug */ = {
			isa = XCBuildConfiguration;
			buildSettings = {
				ALWAYS_SEARCH_USER_PATHS = NO;
				CLANG_ANALYZER_NONNULL = YES;
				CLANG_ANALYZER_NUMBER_OBJECT_CONVERSION = YES_AGGRESSIVE;
				CLANG_CXX_LANGUAGE_STANDARD = "gnu++17";
				CLANG_ENABLE_MODULES = YES;
				CLANG_ENABLE_OBJC_ARC = YES;
				CLANG_ENABLE_OBJC_WEAK = YES;
				CLANG_WARN_BLOCK_CAPTURE_AUTORELEASING = YES;
				CLANG_WARN_BOOL_CONVERSION = YES;
				CLANG_WARN_COMMA = YES;
				CLANG_WARN_CONSTANT_CONVERSION = YES;
				CLANG_WARN_DEPRECATED_OBJC_IMPLEMENTATIONS = YES;
				CLANG_WARN_DIRECT_OBJC_ISA_USAGE = YES_ERROR;
				CLANG_WARN_DOCUMENTATION_COMMENTS = YES;
				CLANG_WARN_EMPTY_BODY = YES;
				CLANG_WARN_ENUM_CONVERSION = YES;
				CLANG_WARN_INFINITE_RECURSION = YES;
				CLANG_WARN_INT_CONVERSION = YES;
				CLANG_WARN_NON_LITERAL_NULL_CONVERSION = YES;
				CLANG_WARN_OBJC_IMPLICIT_RETAIN_SELF = YES;
				CLANG_WARN_OBJC_LITERAL_CONVERSION = YES;
				CLANG_WARN_OBJC_ROOT_CLASS = YES_ERROR;
				CLANG_WARN_QUOTED_INCLUDE_IN_FRAMEWORK_HEADER = YES;
				CLANG_WARN_RANGE_LOOP_ANALYSIS = YES;
				CLANG_WARN_STRICT_PROTOTYPES = YES;
				CLANG_WARN_SUSPICIOUS_MOVE = YES;
				CLANG_WARN_UNGUARDED_AVAILABILITY = YES_AGGRESSIVE;
				CLANG_WARN_UNREACHABLE_CODE = YES;
				CLANG_WARN__DUPLICATE_METHOD_MATCH = YES;
				COPY_PHASE_STRIP = NO;
				CURRENT_PROJECT_VERSION = 1;
				DEBUG_INFORMATION_FORMAT = dwarf;
				ENABLE_STRICT_OBJC_MSGSEND = YES;
				ENABLE_TESTABILITY = YES;
				GCC_C_LANGUAGE_STANDARD = gnu11;
				GCC_DYNAMIC_NO_PIC = NO;
				GCC_NO_COMMON_BLOCKS = YES;
				GCC_OPTIMIZATION_LEVEL = 0;
				GCC_PREPROCESSOR_DEFINITIONS = (
					"DEBUG=1",
					"$(inherited)",
				);
				GCC_WARN_64_TO_32_BIT_CONVERSION = YES;
				GCC_WARN_ABOUT_RETURN_TYPE = YES_ERROR;
				GCC_WARN_UNDECLARED_SELECTOR = YES;
				GCC_WARN_UNINITIALIZED_AUTOS = YES_AGGRESSIVE;
				GCC_WARN_UNUSED_FUNCTION = YES;
				GCC_WARN_UNUSED_VARIABLE = YES;
				IPHONEOS_DEPLOYMENT_TARGET = 15.5;
				MTL_ENABLE_DEBUG_INFO = INCLUDE_SOURCE;
				MTL_FAST_MATH = YES;
				ONLY_ACTIVE_ARCH = YES;
				SDKROOT = iphoneos;
				SWIFT_ACTIVE_COMPILATION_CONDITIONS = DEBUG;
				SWIFT_OPTIMIZATION_LEVEL = "-Onone";
				VERSIONING_SYSTEM = "apple-generic";
				VERSION_INFO_PREFIX = "";
			};
			name = Debug;
		};
		F2AB474E28B38838007ACD03 /* Release */ = {
			isa = XCBuildConfiguration;
			buildSettings = {
				ALWAYS_SEARCH_USER_PATHS = NO;
				CLANG_ANALYZER_NONNULL = YES;
				CLANG_ANALYZER_NUMBER_OBJECT_CONVERSION = YES_AGGRESSIVE;
				CLANG_CXX_LANGUAGE_STANDARD = "gnu++17";
				CLANG_ENABLE_MODULES = YES;
				CLANG_ENABLE_OBJC_ARC = YES;
				CLANG_ENABLE_OBJC_WEAK = YES;
				CLANG_WARN_BLOCK_CAPTURE_AUTORELEASING = YES;
				CLANG_WARN_BOOL_CONVERSION = YES;
				CLANG_WARN_COMMA = YES;
				CLANG_WARN_CONSTANT_CONVERSION = YES;
				CLANG_WARN_DEPRECATED_OBJC_IMPLEMENTATIONS = YES;
				CLANG_WARN_DIRECT_OBJC_ISA_USAGE = YES_ERROR;
				CLANG_WARN_DOCUMENTATION_COMMENTS = YES;
				CLANG_WARN_EMPTY_BODY = YES;
				CLANG_WARN_ENUM_CONVERSION = YES;
				CLANG_WARN_INFINITE_RECURSION = YES;
				CLANG_WARN_INT_CONVERSION = YES;
				CLANG_WARN_NON_LITERAL_NULL_CONVERSION = YES;
				CLANG_WARN_OBJC_IMPLICIT_RETAIN_SELF = YES;
				CLANG_WARN_OBJC_LITERAL_CONVERSION = YES;
				CLANG_WARN_OBJC_ROOT_CLASS = YES_ERROR;
				CLANG_WARN_QUOTED_INCLUDE_IN_FRAMEWORK_HEADER = YES;
				CLANG_WARN_RANGE_LOOP_ANALYSIS = YES;
				CLANG_WARN_STRICT_PROTOTYPES = YES;
				CLANG_WARN_SUSPICIOUS_MOVE = YES;
				CLANG_WARN_UNGUARDED_AVAILABILITY = YES_AGGRESSIVE;
				CLANG_WARN_UNREACHABLE_CODE = YES;
				CLANG_WARN__DUPLICATE_METHOD_MATCH = YES;
				COPY_PHASE_STRIP = NO;
				CURRENT_PROJECT_VERSION = 1;
				DEBUG_INFORMATION_FORMAT = "dwarf-with-dsym";
				ENABLE_NS_ASSERTIONS = NO;
				ENABLE_STRICT_OBJC_MSGSEND = YES;
				GCC_C_LANGUAGE_STANDARD = gnu11;
				GCC_NO_COMMON_BLOCKS = YES;
				GCC_WARN_64_TO_32_BIT_CONVERSION = YES;
				GCC_WARN_ABOUT_RETURN_TYPE = YES_ERROR;
				GCC_WARN_UNDECLARED_SELECTOR = YES;
				GCC_WARN_UNINITIALIZED_AUTOS = YES_AGGRESSIVE;
				GCC_WARN_UNUSED_FUNCTION = YES;
				GCC_WARN_UNUSED_VARIABLE = YES;
				IPHONEOS_DEPLOYMENT_TARGET = 15.5;
				MTL_ENABLE_DEBUG_INFO = NO;
				MTL_FAST_MATH = YES;
				SDKROOT = iphoneos;
				SWIFT_COMPILATION_MODE = wholemodule;
				SWIFT_OPTIMIZATION_LEVEL = "-O";
				VALIDATE_PRODUCT = YES;
				VERSIONING_SYSTEM = "apple-generic";
				VERSION_INFO_PREFIX = "";
			};
			name = Release;
		};
		F2AB475028B38838007ACD03 /* Debug */ = {
			isa = XCBuildConfiguration;
			baseConfigurationReference = 830D196D3247A0AAFE4ECC9B /* Pods-JHToastTips.debug.xcconfig */;
			buildSettings = {
				CODE_SIGN_STYLE = Automatic;
				CURRENT_PROJECT_VERSION = 1;
				DEFINES_MODULE = YES;
				DEVELOPMENT_TEAM = Z7CCF4GU6C;
				DYLIB_COMPATIBILITY_VERSION = 1;
				DYLIB_CURRENT_VERSION = 1;
				DYLIB_INSTALL_NAME_BASE = "@rpath";
				GENERATE_INFOPLIST_FILE = YES;
				INFOPLIST_KEY_NSHumanReadableCopyright = "";
				INSTALL_PATH = "$(LOCAL_LIBRARY_DIR)/Frameworks";
				IPHONEOS_DEPLOYMENT_TARGET = 13.0;
				LD_RUNPATH_SEARCH_PATHS = (
					"$(inherited)",
					"@executable_path/Frameworks",
					"@loader_path/Frameworks",
				);
				MACH_O_TYPE = staticlib;
				MARKETING_VERSION = 1.0;
				PRODUCT_BUNDLE_IDENTIFIER = com.JunHong.JHToastTips;
				PRODUCT_NAME = "$(TARGET_NAME:c99extidentifier)";
				SKIP_INSTALL = YES;
				SWIFT_EMIT_LOC_STRINGS = YES;
				SWIFT_VERSION = 5.0;
				TARGETED_DEVICE_FAMILY = "1,2";
			};
			name = Debug;
		};
		F2AB475128B38838007ACD03 /* Release */ = {
			isa = XCBuildConfiguration;
			baseConfigurationReference = C44AFEC31ADED41FF3BF223D /* Pods-JHToastTips.release.xcconfig */;
			buildSettings = {
				CODE_SIGN_STYLE = Automatic;
				CURRENT_PROJECT_VERSION = 1;
				DEFINES_MODULE = YES;
				DEVELOPMENT_TEAM = Z7CCF4GU6C;
				DYLIB_COMPATIBILITY_VERSION = 1;
				DYLIB_CURRENT_VERSION = 1;
				DYLIB_INSTALL_NAME_BASE = "@rpath";
				GENERATE_INFOPLIST_FILE = YES;
				INFOPLIST_KEY_NSHumanReadableCopyright = "";
				INSTALL_PATH = "$(LOCAL_LIBRARY_DIR)/Frameworks";
				IPHONEOS_DEPLOYMENT_TARGET = 13.0;
				LD_RUNPATH_SEARCH_PATHS = (
					"$(inherited)",
					"@executable_path/Frameworks",
					"@loader_path/Frameworks",
				);
				MACH_O_TYPE = staticlib;
				MARKETING_VERSION = 1.0;
				PRODUCT_BUNDLE_IDENTIFIER = com.JunHong.JHToastTips;
				PRODUCT_NAME = "$(TARGET_NAME:c99extidentifier)";
				SKIP_INSTALL = YES;
				SWIFT_EMIT_LOC_STRINGS = YES;
				SWIFT_VERSION = 5.0;
				TARGETED_DEVICE_FAMILY = "1,2";
			};
			name = Release;
		};
/* End XCBuildConfiguration section */

/* Begin XCConfigurationList section */
		F2AB474228B38838007ACD03 /* Build configuration list for PBXProject "JHToastTips" */ = {
			isa = XCConfigurationList;
			buildConfigurations = (
				F2AB474D28B38838007ACD03 /* Debug */,
				F2AB474E28B38838007ACD03 /* Release */,
			);
			defaultConfigurationIsVisible = 0;
			defaultConfigurationName = Release;
		};
		F2AB474F28B38838007ACD03 /* Build configuration list for PBXNativeTarget "JHToastTips" */ = {
			isa = XCConfigurationList;
			buildConfigurations = (
				F2AB475028B38838007ACD03 /* Debug */,
				F2AB475128B38838007ACD03 /* Release */,
			);
			defaultConfigurationIsVisible = 0;
			defaultConfigurationName = Release;
		};
/* End XCConfigurationList section */

/* Begin XCRemoteSwiftPackageReference section */
		F2DEA09028BDB20000C5CCE2 /* XCRemoteSwiftPackageReference "SnapKit" */ = {
			isa = XCRemoteSwiftPackageReference;
			repositoryURL = "https://github.com/SnapKit/SnapKit";
			requirement = {
				kind = exactVersion;
				version = 5.6.0;
			};
		};
/* End XCRemoteSwiftPackageReference section */

/* Begin XCSwiftPackageProductDependency section */
		F2DEA09128BDB20000C5CCE2 /* SnapKit */ = {
			isa = XCSwiftPackageProductDependency;
			package = F2DEA09028BDB20000C5CCE2 /* XCRemoteSwiftPackageReference "SnapKit" */;
			productName = SnapKit;
		};
/* End XCSwiftPackageProductDependency section */
	};
	rootObject = F2AB473F28B38838007ACD03 /* Project object */;
}
